
Microsoft Visual Studio Solution File, Format Version 12.00
# Visual Studio Version 16
VisualStudioVersion = 16.0.31129.286
MinimumVisualStudioVersion = 10.0.40219.1
Project("{2150E333-8FDC-42A3-9474-1A3956D46DE8}") = "Solution Items", "Solution Items", "{AB1A4FF5-D372-416A-9986-6C3548F78B3B}"
	ProjectSection(SolutionItems) = preProject
		.editorconfig = .editorconfig
		..\appveyor.yml = ..\appveyor.yml
		..\CHANGELOG.md = ..\CHANGELOG.md
		config.nsdepcop = config.nsdepcop
		..\Contribute.md = ..\Contribute.md
		Directory.Build.targets = Directory.Build.targets
		..\LICENSE = ..\LICENSE
		..\README.md = ..\README.md
	EndProjectSection
EndProject
Project("{2150E333-8FDC-42A3-9474-1A3956D46DE8}") = "Include", "Include", "{71A874EB-DA8D-4F27-8D68-335B7EF77671}"
	ProjectSection(SolutionItems) = preProject
		include\CommonAssemblyInfo.cs = include\CommonAssemblyInfo.cs
		include\VersionInfo.cs = include\VersionInfo.cs
	EndProjectSection
EndProject
Project("{2150E333-8FDC-42A3-9474-1A3956D46DE8}") = "doc", "doc", "{EFA91D33-558D-4191-8786-8A6A8CFA7CD3}"
	ProjectSection(SolutionItems) = preProject
		..\doc\DependencyControl.md = ..\doc\DependencyControl.md
		..\doc\Diagnostics.md = ..\doc\Diagnostics.md
		..\doc\Help.md = ..\doc\Help.md
		..\doc\Troubleshooting.md = ..\doc\Troubleshooting.md
		..\doc\Versions.md = ..\doc\Versions.md
	EndProjectSection
EndProject
Project("{9A19103F-16F7-4668-BE54-9A1E7A4F7556}") = "NsDepCop.Analyzer", "NsDepCop.Analyzer\NsDepCop.Analyzer.csproj", "{BC26589E-79B0-4F55-B64D-DB11534D3476}"
EndProject
Project("{9A19103F-16F7-4668-BE54-9A1E7A4F7556}") = "NsDepCop.Test", "NsDepCop.Test\NsDepCop.Test.csproj", "{96044EE5-D220-4CED-A687-35AED0115A35}"
EndProject
Project("{9A19103F-16F7-4668-BE54-9A1E7A4F7556}") = "NsDepCop.NuGet", "NsDepCop.NuGet\NsDepCop.NuGet.csproj", "{0FB37BF6-7E56-4974-829D-917AB6207257}"
EndProject
Project("{9A19103F-16F7-4668-BE54-9A1E7A4F7556}") = "NsDepCop.SourceTest", "NsDepCop.SourceTest\NsDepCop.SourceTest.csproj", "{F6554236-1D67-4343-816A-F145F7750526}"
EndProject
Project("{9A19103F-16F7-4668-BE54-9A1E7A4F7556}") = "NsDepCop.Vsix", "NsDepCop.Vsix\NsDepCop.Vsix.csproj", "{17A44684-B673-42F8-982F-01ABEA3D5BBE}"
EndProject
Global
	GlobalSection(SolutionConfigurationPlatforms) = preSolution
		Debug|Any CPU = Debug|Any CPU
		Debug|Mixed Platforms = Debug|Mixed Platforms
		Debug|x86 = Debug|x86
		Release|Any CPU = Release|Any CPU
		Release|Mixed Platforms = Release|Mixed Platforms
		Release|x86 = Release|x86
	EndGlobalSection
	GlobalSection(ProjectConfigurationPlatforms) = postSolution
		{BC26589E-79B0-4F55-B64D-DB11534D3476}.Debug|Any CPU.ActiveCfg = Debug|Any CPU
		{BC26589E-79B0-4F55-B64D-DB11534D3476}.Debug|Any CPU.Build.0 = Debug|Any CPU
		{BC26589E-79B0-4F55-B64D-DB11534D3476}.Debug|Mixed Platforms.ActiveCfg = Debug|Any CPU
		{BC26589E-79B0-4F55-B64D-DB11534D3476}.Debug|Mixed Platforms.Build.0 = Debug|Any CPU
		{BC26589E-79B0-4F55-B64D-DB11534D3476}.Debug|x86.ActiveCfg = Debug|Any CPU
		{BC26589E-79B0-4F55-B64D-DB11534D3476}.Release|Any CPU.ActiveCfg = Release|Any CPU
		{BC26589E-79B0-4F55-B64D-DB11534D3476}.Release|Any CPU.Build.0 = Release|Any CPU
		{BC26589E-79B0-4F55-B64D-DB11534D3476}.Release|Mixed Platforms.ActiveCfg = Release|Any CPU
		{BC26589E-79B0-4F55-B64D-DB11534D3476}.Release|Mixed Platforms.Build.0 = Release|Any CPU
		{BC26589E-79B0-4F55-B64D-DB11534D3476}.Release|x86.ActiveCfg = Release|Any CPU
		{96044EE5-D220-4CED-A687-35AED0115A35}.Debug|Any CPU.ActiveCfg = Debug|Any CPU
		{96044EE5-D220-4CED-A687-35AED0115A35}.Debug|Any CPU.Build.0 = Debug|Any CPU
		{96044EE5-D220-4CED-A687-35AED0115A35}.Debug|Mixed Platforms.ActiveCfg = Debug|Any CPU
		{96044EE5-D220-4CED-A687-35AED0115A35}.Debug|Mixed Platforms.Build.0 = Debug|Any CPU
		{96044EE5-D220-4CED-A687-35AED0115A35}.Debug|x86.ActiveCfg = Debug|Any CPU
		{96044EE5-D220-4CED-A687-35AED0115A35}.Release|Any CPU.ActiveCfg = Release|Any CPU
		{96044EE5-D220-4CED-A687-35AED0115A35}.Release|Any CPU.Build.0 = Release|Any CPU
		{96044EE5-D220-4CED-A687-35AED0115A35}.Release|Mixed Platforms.ActiveCfg = Release|Any CPU
		{96044EE5-D220-4CED-A687-35AED0115A35}.Release|Mixed Platforms.Build.0 = Release|Any CPU
		{96044EE5-D220-4CED-A687-35AED0115A35}.Release|x86.ActiveCfg = Release|Any CPU
		{0FB37BF6-7E56-4974-829D-917AB6207257}.Debug|Any CPU.ActiveCfg = Debug|Any CPU
		{0FB37BF6-7E56-4974-829D-917AB6207257}.Debug|Any CPU.Build.0 = Debug|Any CPU
		{0FB37BF6-7E56-4974-829D-917AB6207257}.Debug|Mixed Platforms.ActiveCfg = Debug|Any CPU
		{0FB37BF6-7E56-4974-829D-917AB6207257}.Debug|Mixed Platforms.Build.0 = Debug|Any CPU
		{0FB37BF6-7E56-4974-829D-917AB6207257}.Debug|x86.ActiveCfg = Debug|Any CPU
		{0FB37BF6-7E56-4974-829D-917AB6207257}.Debug|x86.Build.0 = Debug|Any CPU
		{0FB37BF6-7E56-4974-829D-917AB6207257}.Release|Any CPU.ActiveCfg = Release|Any CPU
		{0FB37BF6-7E56-4974-829D-917AB6207257}.Release|Any CPU.Build.0 = Release|Any CPU
		{0FB37BF6-7E56-4974-829D-917AB6207257}.Release|Mixed Platforms.ActiveCfg = Release|Any CPU
		{0FB37BF6-7E56-4974-829D-917AB6207257}.Release|Mixed Platforms.Build.0 = Release|Any CPU
		{0FB37BF6-7E56-4974-829D-917AB6207257}.Release|x86.ActiveCfg = Release|Any CPU
		{0FB37BF6-7E56-4974-829D-917AB6207257}.Release|x86.Build.0 = Release|Any CPU
		{F6554236-1D67-4343-816A-F145F7750526}.Debug|Any CPU.ActiveCfg = Debug|Any CPU
		{F6554236-1D67-4343-816A-F145F7750526}.Debug|Any CPU.Build.0 = Debug|Any CPU
		{F6554236-1D67-4343-816A-F145F7750526}.Debug|Mixed Platforms.ActiveCfg = Debug|Any CPU
		{F6554236-1D67-4343-816A-F145F7750526}.Debug|Mixed Platforms.Build.0 = Debug|Any CPU
		{F6554236-1D67-4343-816A-F145F7750526}.Debug|x86.ActiveCfg = Debug|Any CPU
		{F6554236-1D67-4343-816A-F145F7750526}.Debug|x86.Build.0 = Debug|Any CPU
		{F6554236-1D67-4343-816A-F145F7750526}.Release|Any CPU.ActiveCfg = Release|Any CPU
		{F6554236-1D67-4343-816A-F145F7750526}.Release|Any CPU.Build.0 = Release|Any CPU
		{F6554236-1D67-4343-816A-F145F7750526}.Release|Mixed Platforms.ActiveCfg = Release|Any CPU
		{F6554236-1D67-4343-816A-F145F7750526}.Release|Mixed Platforms.Build.0 = Release|Any CPU
		{F6554236-1D67-4343-816A-F145F7750526}.Release|x86.ActiveCfg = Release|Any CPU
		{F6554236-1D67-4343-816A-F145F7750526}.Release|x86.Build.0 = Release|Any CPU
		{17A44684-B673-42F8-982F-01ABEA3D5BBE}.Debug|Any CPU.ActiveCfg = Debug|Any CPU
		{17A44684-B673-42F8-982F-01ABEA3D5BBE}.Debug|Any CPU.Build.0 = Debug|Any CPU
		{17A44684-B673-42F8-982F-01ABEA3D5BBE}.Debug|Mixed Platforms.ActiveCfg = Debug|Any CPU
		{17A44684-B673-42F8-982F-01ABEA3D5BBE}.Debug|Mixed Platforms.Build.0 = Debug|Any CPU
		{17A44684-B673-42F8-982F-01ABEA3D5BBE}.Debug|x86.ActiveCfg = Debug|Any CPU
		{17A44684-B673-42F8-982F-01ABEA3D5BBE}.Debug|x86.Build.0 = Debug|Any CPU
		{17A44684-B673-42F8-982F-01ABEA3D5BBE}.Release|Any CPU.ActiveCfg = Release|Any CPU
		{17A44684-B673-42F8-982F-01ABEA3D5BBE}.Release|Any CPU.Build.0 = Release|Any CPU
		{17A44684-B673-42F8-982F-01ABEA3D5BBE}.Release|Mixed Platforms.ActiveCfg = Release|Any CPU
		{17A44684-B673-42F8-982F-01ABEA3D5BBE}.Release|Mixed Platforms.Build.0 = Release|Any CPU
		{17A44684-B673-42F8-982F-01ABEA3D5BBE}.Release|x86.ActiveCfg = Release|Any CPU
		{17A44684-B673-42F8-982F-01ABEA3D5BBE}.Release|x86.Build.0 = Release|Any CPU
	EndGlobalSection
	GlobalSection(SolutionProperties) = preSolution
		HideSolutionNode = FALSE
	EndGlobalSection
	GlobalSection(ExtensibilityGlobals) = postSolution
		SolutionGuid = {EBB04CE1-A8C8-417E-95FF-EF622AD8EAFE}
	EndGlobalSection
EndGlobal
