
Microsoft Visual Studio Solution File, Format Version 12.00
# Visual Studio Version 16
VisualStudioVersion = 16.0.31129.286
MinimumVisualStudioVersion = 10.0.40219.1
Project("{2150E333-8FDC-42A3-9474-1A3956D46DE8}") = "Solution Items", "Solution Items", "{AB1A4FF5-D372-416A-9986-6C3548F78B3B}"
	ProjectSection(SolutionItems) = preProject
		..\appveyor.yml = ..\appveyor.yml
		..\CHANGELOG.md = ..\CHANGELOG.md
		config.nsdepcop = config.nsdepcop
		..\Contribute.md = ..\Contribute.md
		..\LICENSE = ..\LICENSE
		..\README.md = ..\README.md
	EndProjectSection
EndProject
Project("{2150E333-8FDC-42A3-9474-1A3956D46DE8}") = "Include", "Include", "{71A874EB-DA8D-4F27-8D68-335B7EF77671}"
	ProjectSection(SolutionItems) = preProject
		include\CommonAssemblyInfo.cs = include\CommonAssemblyInfo.cs
		include\VersionInfo.cs = include\VersionInfo.cs
	EndProjectSection
EndProject
Project("{2150E333-8FDC-42A3-9474-1A3956D46DE8}") = "doc", "doc", "{EFA91D33-558D-4191-8786-8A6A8CFA7CD3}"
	ProjectSection(SolutionItems) = preProject
		..\doc\DependencyControl.md = ..\doc\DependencyControl.md
		..\doc\Diagnostics.md = ..\doc\Diagnostics.md
		..\doc\Help.md = ..\doc\Help.md
		..\doc\Troubleshooting.md = ..\doc\Troubleshooting.md
		..\doc\Versions.md = ..\doc\Versions.md
	EndProjectSection
EndProject
Project("{FAE04EC0-301F-11D3-BF4B-00C04F79EFBC}") = "NsDepCop.Core", "NsDepCop.Core\NsDepCop.Core.csproj", "{BC26589E-79B0-4F55-B64D-DB11534D3476}"
EndProject
Project("{FAE04EC0-301F-11D3-BF4B-00C04F79EFBC}") = "NsDepCop.MsBuildTask.Test", "NsDepCop.MsBuildTask.Test\NsDepCop.MsBuildTask.Test.csproj", "{D85464CB-59FA-4565-999C-F6603A063E84}"
EndProject
Project("{FAE04EC0-301F-11D3-BF4B-00C04F79EFBC}") = "NsDepCop.Core.Test", "NsDepCop.Core.Test\NsDepCop.Core.Test.csproj", "{96044EE5-D220-4CED-A687-35AED0115A35}"
EndProject
Project("{FAE04EC0-301F-11D3-BF4B-00C04F79EFBC}") = "NsDepCop.VisualStudioIntegration.Vs2015", "NsDepCop.VisualStudioIntegration.Vs2015\NsDepCop.VisualStudioIntegration.Vs2015.csproj", "{9E294E04-7B01-4AAE-810F-56C00B45A939}"
EndProject
Project("{FAE04EC0-301F-11D3-BF4B-00C04F79EFBC}") = "NsDepCop.ConsoleHost", "NsDepCop.ConsoleHost\NsDepCop.ConsoleHost.csproj", "{2FFB4ADA-8BCB-42AE-8BF1-8CE70B011FD1}"
EndProject
Project("{FAE04EC0-301F-11D3-BF4B-00C04F79EFBC}") = "NsDepCop.NuGet", "NsDepCop.NuGet\NsDepCop.NuGet.csproj", "{0FB37BF6-7E56-4974-829D-917AB6207257}"
EndProject
Project("{FAE04EC0-301F-11D3-BF4B-00C04F79EFBC}") = "NsDepCop.VisualStudioIntegration.Test", "NsDepCop.VisualStudioIntegration.Test\NsDepCop.VisualStudioIntegration.Test.csproj", "{7BF36CB7-19D8-42B9-B319-F5567116B320}"
EndProject
Project("{FAE04EC0-301F-11D3-BF4B-00C04F79EFBC}") = "NsDepCop.TestUtil", "NsDepCop.TestUtil\NsDepCop.TestUtil.csproj", "{C60A83ED-3D03-4179-A2D6-E9AB6263B99E}"
EndProject
Project("{FAE04EC0-301F-11D3-BF4B-00C04F79EFBC}") = "NsDepCop.VisualStudioIntegration.Vs2017", "NsDepCop.VisualStudioIntegration.Vs2017\NsDepCop.VisualStudioIntegration.Vs2017.csproj", "{7FCDB56A-4419-4F9B-8BBB-95D60C0C9784}"
EndProject
Project("{FAE04EC0-301F-11D3-BF4B-00C04F79EFBC}") = "NsDepCop.SourceTest.Roslyn2x", "NsDepCop.SourceTest.Roslyn2x\NsDepCop.SourceTest.Roslyn2x.csproj", "{F6554236-1D67-4343-816A-F145F7750526}"
EndProject
Project("{FAE04EC0-301F-11D3-BF4B-00C04F79EFBC}") = "NsDepCop.ParserAdapter.Roslyn1x", "NsDepCop.ParserAdapter.Roslyn1x\NsDepCop.ParserAdapter.Roslyn1x.csproj", "{80771E79-4D7C-44E4-8813-2511254BDBAD}"
EndProject
Project("{FAE04EC0-301F-11D3-BF4B-00C04F79EFBC}") = "NsDepCop.ParserAdapter.Roslyn2x", "NsDepCop.ParserAdapter.Roslyn2x\NsDepCop.ParserAdapter.Roslyn2x.csproj", "{49913F01-47E6-4860-B0BC-359E2255BB5C}"
EndProject
Project("{FAE04EC0-301F-11D3-BF4B-00C04F79EFBC}") = "NsDepCop.SourceTest.Roslyn1x", "NsDepCop.SourceTest.Roslyn1x\NsDepCop.SourceTest.Roslyn1x.csproj", "{8F13F23A-CE64-49B0-851C-26E9CE7F4167}"
EndProject
Project("{FAE04EC0-301F-11D3-BF4B-00C04F79EFBC}") = "NsDepCop.ConfigSchema", "NsDepCop.ConfigSchema\NsDepCop.ConfigSchema.csproj", "{262ED80E-4965-4EA0-8608-64022FBF85C5}"
EndProject
Global
	GlobalSection(SolutionConfigurationPlatforms) = preSolution
		Debug|Any CPU = Debug|Any CPU
		Debug|Mixed Platforms = Debug|Mixed Platforms
		Debug|x86 = Debug|x86
		Release|Any CPU = Release|Any CPU
		Release|Mixed Platforms = Release|Mixed Platforms
		Release|x86 = Release|x86
	EndGlobalSection
	GlobalSection(ProjectConfigurationPlatforms) = postSolution
		{BC26589E-79B0-4F55-B64D-DB11534D3476}.Debug|Any CPU.ActiveCfg = Debug|Any CPU
		{BC26589E-79B0-4F55-B64D-DB11534D3476}.Debug|Any CPU.Build.0 = Debug|Any CPU
		{BC26589E-79B0-4F55-B64D-DB11534D3476}.Debug|Mixed Platforms.ActiveCfg = Debug|Any CPU
		{BC26589E-79B0-4F55-B64D-DB11534D3476}.Debug|Mixed Platforms.Build.0 = Debug|Any CPU
		{BC26589E-79B0-4F55-B64D-DB11534D3476}.Debug|x86.ActiveCfg = Debug|Any CPU
		{BC26589E-79B0-4F55-B64D-DB11534D3476}.Release|Any CPU.ActiveCfg = Release|Any CPU
		{BC26589E-79B0-4F55-B64D-DB11534D3476}.Release|Any CPU.Build.0 = Release|Any CPU
		{BC26589E-79B0-4F55-B64D-DB11534D3476}.Release|Mixed Platforms.ActiveCfg = Release|Any CPU
		{BC26589E-79B0-4F55-B64D-DB11534D3476}.Release|Mixed Platforms.Build.0 = Release|Any CPU
		{BC26589E-79B0-4F55-B64D-DB11534D3476}.Release|x86.ActiveCfg = Release|Any CPU
		{D85464CB-59FA-4565-999C-F6603A063E84}.Debug|Any CPU.ActiveCfg = Debug|Any CPU
		{D85464CB-59FA-4565-999C-F6603A063E84}.Debug|Any CPU.Build.0 = Debug|Any CPU
		{D85464CB-59FA-4565-999C-F6603A063E84}.Debug|Mixed Platforms.ActiveCfg = Debug|Any CPU
		{D85464CB-59FA-4565-999C-F6603A063E84}.Debug|Mixed Platforms.Build.0 = Debug|Any CPU
		{D85464CB-59FA-4565-999C-F6603A063E84}.Debug|x86.ActiveCfg = Debug|Any CPU
		{D85464CB-59FA-4565-999C-F6603A063E84}.Release|Any CPU.ActiveCfg = Release|Any CPU
		{D85464CB-59FA-4565-999C-F6603A063E84}.Release|Any CPU.Build.0 = Release|Any CPU
		{D85464CB-59FA-4565-999C-F6603A063E84}.Release|Mixed Platforms.ActiveCfg = Release|Any CPU
		{D85464CB-59FA-4565-999C-F6603A063E84}.Release|Mixed Platforms.Build.0 = Release|Any CPU
		{D85464CB-59FA-4565-999C-F6603A063E84}.Release|x86.ActiveCfg = Release|Any CPU
		{96044EE5-D220-4CED-A687-35AED0115A35}.Debug|Any CPU.ActiveCfg = Debug|Any CPU
		{96044EE5-D220-4CED-A687-35AED0115A35}.Debug|Any CPU.Build.0 = Debug|Any CPU
		{96044EE5-D220-4CED-A687-35AED0115A35}.Debug|Mixed Platforms.ActiveCfg = Debug|Any CPU
		{96044EE5-D220-4CED-A687-35AED0115A35}.Debug|Mixed Platforms.Build.0 = Debug|Any CPU
		{96044EE5-D220-4CED-A687-35AED0115A35}.Debug|x86.ActiveCfg = Debug|Any CPU
		{96044EE5-D220-4CED-A687-35AED0115A35}.Release|Any CPU.ActiveCfg = Release|Any CPU
		{96044EE5-D220-4CED-A687-35AED0115A35}.Release|Any CPU.Build.0 = Release|Any CPU
		{96044EE5-D220-4CED-A687-35AED0115A35}.Release|Mixed Platforms.ActiveCfg = Release|Any CPU
		{96044EE5-D220-4CED-A687-35AED0115A35}.Release|Mixed Platforms.Build.0 = Release|Any CPU
		{96044EE5-D220-4CED-A687-35AED0115A35}.Release|x86.ActiveCfg = Release|Any CPU
		{9E294E04-7B01-4AAE-810F-56C00B45A939}.Debug|Any CPU.ActiveCfg = Debug|Any CPU
		{9E294E04-7B01-4AAE-810F-56C00B45A939}.Debug|Any CPU.Build.0 = Debug|Any CPU
		{9E294E04-7B01-4AAE-810F-56C00B45A939}.Debug|Mixed Platforms.ActiveCfg = Debug|Any CPU
		{9E294E04-7B01-4AAE-810F-56C00B45A939}.Debug|Mixed Platforms.Build.0 = Debug|Any CPU
		{9E294E04-7B01-4AAE-810F-56C00B45A939}.Debug|x86.ActiveCfg = Debug|Any CPU
		{9E294E04-7B01-4AAE-810F-56C00B45A939}.Debug|x86.Build.0 = Debug|Any CPU
		{9E294E04-7B01-4AAE-810F-56C00B45A939}.Release|Any CPU.ActiveCfg = Release|Any CPU
		{9E294E04-7B01-4AAE-810F-56C00B45A939}.Release|Any CPU.Build.0 = Release|Any CPU
		{9E294E04-7B01-4AAE-810F-56C00B45A939}.Release|Mixed Platforms.ActiveCfg = Release|Any CPU
		{9E294E04-7B01-4AAE-810F-56C00B45A939}.Release|Mixed Platforms.Build.0 = Release|Any CPU
		{9E294E04-7B01-4AAE-810F-56C00B45A939}.Release|x86.ActiveCfg = Release|Any CPU
		{9E294E04-7B01-4AAE-810F-56C00B45A939}.Release|x86.Build.0 = Release|Any CPU
		{2FFB4ADA-8BCB-42AE-8BF1-8CE70B011FD1}.Debug|Any CPU.ActiveCfg = Debug|Any CPU
		{2FFB4ADA-8BCB-42AE-8BF1-8CE70B011FD1}.Debug|Any CPU.Build.0 = Debug|Any CPU
		{2FFB4ADA-8BCB-42AE-8BF1-8CE70B011FD1}.Debug|Mixed Platforms.ActiveCfg = Debug|Any CPU
		{2FFB4ADA-8BCB-42AE-8BF1-8CE70B011FD1}.Debug|Mixed Platforms.Build.0 = Debug|Any CPU
		{2FFB4ADA-8BCB-42AE-8BF1-8CE70B011FD1}.Debug|x86.ActiveCfg = Debug|Any CPU
		{2FFB4ADA-8BCB-42AE-8BF1-8CE70B011FD1}.Debug|x86.Build.0 = Debug|Any CPU
		{2FFB4ADA-8BCB-42AE-8BF1-8CE70B011FD1}.Release|Any CPU.ActiveCfg = Release|Any CPU
		{2FFB4ADA-8BCB-42AE-8BF1-8CE70B011FD1}.Release|Any CPU.Build.0 = Release|Any CPU
		{2FFB4ADA-8BCB-42AE-8BF1-8CE70B011FD1}.Release|Mixed Platforms.ActiveCfg = Release|Any CPU
		{2FFB4ADA-8BCB-42AE-8BF1-8CE70B011FD1}.Release|Mixed Platforms.Build.0 = Release|Any CPU
		{2FFB4ADA-8BCB-42AE-8BF1-8CE70B011FD1}.Release|x86.ActiveCfg = Release|Any CPU
		{2FFB4ADA-8BCB-42AE-8BF1-8CE70B011FD1}.Release|x86.Build.0 = Release|Any CPU
		{0FB37BF6-7E56-4974-829D-917AB6207257}.Debug|Any CPU.ActiveCfg = Debug|Any CPU
		{0FB37BF6-7E56-4974-829D-917AB6207257}.Debug|Any CPU.Build.0 = Debug|Any CPU
		{0FB37BF6-7E56-4974-829D-917AB6207257}.Debug|Mixed Platforms.ActiveCfg = Debug|Any CPU
		{0FB37BF6-7E56-4974-829D-917AB6207257}.Debug|Mixed Platforms.Build.0 = Debug|Any CPU
		{0FB37BF6-7E56-4974-829D-917AB6207257}.Debug|x86.ActiveCfg = Debug|Any CPU
		{0FB37BF6-7E56-4974-829D-917AB6207257}.Debug|x86.Build.0 = Debug|Any CPU
		{0FB37BF6-7E56-4974-829D-917AB6207257}.Release|Any CPU.ActiveCfg = Release|Any CPU
		{0FB37BF6-7E56-4974-829D-917AB6207257}.Release|Any CPU.Build.0 = Release|Any CPU
		{0FB37BF6-7E56-4974-829D-917AB6207257}.Release|Mixed Platforms.ActiveCfg = Release|Any CPU
		{0FB37BF6-7E56-4974-829D-917AB6207257}.Release|Mixed Platforms.Build.0 = Release|Any CPU
		{0FB37BF6-7E56-4974-829D-917AB6207257}.Release|x86.ActiveCfg = Release|Any CPU
		{0FB37BF6-7E56-4974-829D-917AB6207257}.Release|x86.Build.0 = Release|Any CPU
		{7BF36CB7-19D8-42B9-B319-F5567116B320}.Debug|Any CPU.ActiveCfg = Debug|Any CPU
		{7BF36CB7-19D8-42B9-B319-F5567116B320}.Debug|Any CPU.Build.0 = Debug|Any CPU
		{7BF36CB7-19D8-42B9-B319-F5567116B320}.Debug|Mixed Platforms.ActiveCfg = Debug|Any CPU
		{7BF36CB7-19D8-42B9-B319-F5567116B320}.Debug|Mixed Platforms.Build.0 = Debug|Any CPU
		{7BF36CB7-19D8-42B9-B319-F5567116B320}.Debug|x86.ActiveCfg = Debug|Any CPU
		{7BF36CB7-19D8-42B9-B319-F5567116B320}.Debug|x86.Build.0 = Debug|Any CPU
		{7BF36CB7-19D8-42B9-B319-F5567116B320}.Release|Any CPU.ActiveCfg = Release|Any CPU
		{7BF36CB7-19D8-42B9-B319-F5567116B320}.Release|Any CPU.Build.0 = Release|Any CPU
		{7BF36CB7-19D8-42B9-B319-F5567116B320}.Release|Mixed Platforms.ActiveCfg = Release|Any CPU
		{7BF36CB7-19D8-42B9-B319-F5567116B320}.Release|Mixed Platforms.Build.0 = Release|Any CPU
		{7BF36CB7-19D8-42B9-B319-F5567116B320}.Release|x86.ActiveCfg = Release|Any CPU
		{7BF36CB7-19D8-42B9-B319-F5567116B320}.Release|x86.Build.0 = Release|Any CPU
		{C60A83ED-3D03-4179-A2D6-E9AB6263B99E}.Debug|Any CPU.ActiveCfg = Debug|Any CPU
		{C60A83ED-3D03-4179-A2D6-E9AB6263B99E}.Debug|Any CPU.Build.0 = Debug|Any CPU
		{C60A83ED-3D03-4179-A2D6-E9AB6263B99E}.Debug|Mixed Platforms.ActiveCfg = Debug|Any CPU
		{C60A83ED-3D03-4179-A2D6-E9AB6263B99E}.Debug|Mixed Platforms.Build.0 = Debug|Any CPU
		{C60A83ED-3D03-4179-A2D6-E9AB6263B99E}.Debug|x86.ActiveCfg = Debug|Any CPU
		{C60A83ED-3D03-4179-A2D6-E9AB6263B99E}.Debug|x86.Build.0 = Debug|Any CPU
		{C60A83ED-3D03-4179-A2D6-E9AB6263B99E}.Release|Any CPU.ActiveCfg = Release|Any CPU
		{C60A83ED-3D03-4179-A2D6-E9AB6263B99E}.Release|Any CPU.Build.0 = Release|Any CPU
		{C60A83ED-3D03-4179-A2D6-E9AB6263B99E}.Release|Mixed Platforms.ActiveCfg = Release|Any CPU
		{C60A83ED-3D03-4179-A2D6-E9AB6263B99E}.Release|Mixed Platforms.Build.0 = Release|Any CPU
		{C60A83ED-3D03-4179-A2D6-E9AB6263B99E}.Release|x86.ActiveCfg = Release|Any CPU
		{C60A83ED-3D03-4179-A2D6-E9AB6263B99E}.Release|x86.Build.0 = Release|Any CPU
		{7FCDB56A-4419-4F9B-8BBB-95D60C0C9784}.Debug|Any CPU.ActiveCfg = Debug|Any CPU
		{7FCDB56A-4419-4F9B-8BBB-95D60C0C9784}.Debug|Any CPU.Build.0 = Debug|Any CPU
		{7FCDB56A-4419-4F9B-8BBB-95D60C0C9784}.Debug|Mixed Platforms.ActiveCfg = Debug|Any CPU
		{7FCDB56A-4419-4F9B-8BBB-95D60C0C9784}.Debug|Mixed Platforms.Build.0 = Debug|Any CPU
		{7FCDB56A-4419-4F9B-8BBB-95D60C0C9784}.Debug|x86.ActiveCfg = Debug|Any CPU
		{7FCDB56A-4419-4F9B-8BBB-95D60C0C9784}.Debug|x86.Build.0 = Debug|Any CPU
		{7FCDB56A-4419-4F9B-8BBB-95D60C0C9784}.Release|Any CPU.ActiveCfg = Release|Any CPU
		{7FCDB56A-4419-4F9B-8BBB-95D60C0C9784}.Release|Any CPU.Build.0 = Release|Any CPU
		{7FCDB56A-4419-4F9B-8BBB-95D60C0C9784}.Release|Mixed Platforms.ActiveCfg = Release|Any CPU
		{7FCDB56A-4419-4F9B-8BBB-95D60C0C9784}.Release|Mixed Platforms.Build.0 = Release|Any CPU
		{7FCDB56A-4419-4F9B-8BBB-95D60C0C9784}.Release|x86.ActiveCfg = Release|Any CPU
		{7FCDB56A-4419-4F9B-8BBB-95D60C0C9784}.Release|x86.Build.0 = Release|Any CPU
		{F6554236-1D67-4343-816A-F145F7750526}.Debug|Any CPU.ActiveCfg = Debug|Any CPU
		{F6554236-1D67-4343-816A-F145F7750526}.Debug|Any CPU.Build.0 = Debug|Any CPU
		{F6554236-1D67-4343-816A-F145F7750526}.Debug|Mixed Platforms.ActiveCfg = Debug|Any CPU
		{F6554236-1D67-4343-816A-F145F7750526}.Debug|Mixed Platforms.Build.0 = Debug|Any CPU
		{F6554236-1D67-4343-816A-F145F7750526}.Debug|x86.ActiveCfg = Debug|Any CPU
		{F6554236-1D67-4343-816A-F145F7750526}.Debug|x86.Build.0 = Debug|Any CPU
		{F6554236-1D67-4343-816A-F145F7750526}.Release|Any CPU.ActiveCfg = Release|Any CPU
		{F6554236-1D67-4343-816A-F145F7750526}.Release|Any CPU.Build.0 = Release|Any CPU
		{F6554236-1D67-4343-816A-F145F7750526}.Release|Mixed Platforms.ActiveCfg = Release|Any CPU
		{F6554236-1D67-4343-816A-F145F7750526}.Release|Mixed Platforms.Build.0 = Release|Any CPU
		{F6554236-1D67-4343-816A-F145F7750526}.Release|x86.ActiveCfg = Release|Any CPU
		{F6554236-1D67-4343-816A-F145F7750526}.Release|x86.Build.0 = Release|Any CPU
		{80771E79-4D7C-44E4-8813-2511254BDBAD}.Debug|Any CPU.ActiveCfg = Debug|Any CPU
		{80771E79-4D7C-44E4-8813-2511254BDBAD}.Debug|Any CPU.Build.0 = Debug|Any CPU
		{80771E79-4D7C-44E4-8813-2511254BDBAD}.Debug|Mixed Platforms.ActiveCfg = Debug|Any CPU
		{80771E79-4D7C-44E4-8813-2511254BDBAD}.Debug|Mixed Platforms.Build.0 = Debug|Any CPU
		{80771E79-4D7C-44E4-8813-2511254BDBAD}.Debug|x86.ActiveCfg = Debug|Any CPU
		{80771E79-4D7C-44E4-8813-2511254BDBAD}.Debug|x86.Build.0 = Debug|Any CPU
		{80771E79-4D7C-44E4-8813-2511254BDBAD}.Release|Any CPU.ActiveCfg = Release|Any CPU
		{80771E79-4D7C-44E4-8813-2511254BDBAD}.Release|Any CPU.Build.0 = Release|Any CPU
		{80771E79-4D7C-44E4-8813-2511254BDBAD}.Release|Mixed Platforms.ActiveCfg = Release|Any CPU
		{80771E79-4D7C-44E4-8813-2511254BDBAD}.Release|Mixed Platforms.Build.0 = Release|Any CPU
		{80771E79-4D7C-44E4-8813-2511254BDBAD}.Release|x86.ActiveCfg = Release|Any CPU
		{80771E79-4D7C-44E4-8813-2511254BDBAD}.Release|x86.Build.0 = Release|Any CPU
		{49913F01-47E6-4860-B0BC-359E2255BB5C}.Debug|Any CPU.ActiveCfg = Debug|Any CPU
		{49913F01-47E6-4860-B0BC-359E2255BB5C}.Debug|Any CPU.Build.0 = Debug|Any CPU
		{49913F01-47E6-4860-B0BC-359E2255BB5C}.Debug|Mixed Platforms.ActiveCfg = Debug|Any CPU
		{49913F01-47E6-4860-B0BC-359E2255BB5C}.Debug|Mixed Platforms.Build.0 = Debug|Any CPU
		{49913F01-47E6-4860-B0BC-359E2255BB5C}.Debug|x86.ActiveCfg = Debug|Any CPU
		{49913F01-47E6-4860-B0BC-359E2255BB5C}.Debug|x86.Build.0 = Debug|Any CPU
		{49913F01-47E6-4860-B0BC-359E2255BB5C}.Release|Any CPU.ActiveCfg = Release|Any CPU
		{49913F01-47E6-4860-B0BC-359E2255BB5C}.Release|Any CPU.Build.0 = Release|Any CPU
		{49913F01-47E6-4860-B0BC-359E2255BB5C}.Release|Mixed Platforms.ActiveCfg = Release|Any CPU
		{49913F01-47E6-4860-B0BC-359E2255BB5C}.Release|Mixed Platforms.Build.0 = Release|Any CPU
		{49913F01-47E6-4860-B0BC-359E2255BB5C}.Release|x86.ActiveCfg = Release|Any CPU
		{49913F01-47E6-4860-B0BC-359E2255BB5C}.Release|x86.Build.0 = Release|Any CPU
		{8F13F23A-CE64-49B0-851C-26E9CE7F4167}.Debug|Any CPU.ActiveCfg = Debug|Any CPU
		{8F13F23A-CE64-49B0-851C-26E9CE7F4167}.Debug|Any CPU.Build.0 = Debug|Any CPU
		{8F13F23A-CE64-49B0-851C-26E9CE7F4167}.Debug|Mixed Platforms.ActiveCfg = Debug|Any CPU
		{8F13F23A-CE64-49B0-851C-26E9CE7F4167}.Debug|Mixed Platforms.Build.0 = Debug|Any CPU
		{8F13F23A-CE64-49B0-851C-26E9CE7F4167}.Debug|x86.ActiveCfg = Debug|Any CPU
		{8F13F23A-CE64-49B0-851C-26E9CE7F4167}.Debug|x86.Build.0 = Debug|Any CPU
		{8F13F23A-CE64-49B0-851C-26E9CE7F4167}.Release|Any CPU.ActiveCfg = Release|Any CPU
		{8F13F23A-CE64-49B0-851C-26E9CE7F4167}.Release|Any CPU.Build.0 = Release|Any CPU
		{8F13F23A-CE64-49B0-851C-26E9CE7F4167}.Release|Mixed Platforms.ActiveCfg = Release|Any CPU
		{8F13F23A-CE64-49B0-851C-26E9CE7F4167}.Release|Mixed Platforms.Build.0 = Release|Any CPU
		{8F13F23A-CE64-49B0-851C-26E9CE7F4167}.Release|x86.ActiveCfg = Release|Any CPU
		{8F13F23A-CE64-49B0-851C-26E9CE7F4167}.Release|x86.Build.0 = Release|Any CPU
		{262ED80E-4965-4EA0-8608-64022FBF85C5}.Debug|Any CPU.ActiveCfg = Debug|Any CPU
		{262ED80E-4965-4EA0-8608-64022FBF85C5}.Debug|Any CPU.Build.0 = Debug|Any CPU
		{262ED80E-4965-4EA0-8608-64022FBF85C5}.Debug|Mixed Platforms.ActiveCfg = Debug|Any CPU
		{262ED80E-4965-4EA0-8608-64022FBF85C5}.Debug|Mixed Platforms.Build.0 = Debug|Any CPU
		{262ED80E-4965-4EA0-8608-64022FBF85C5}.Debug|x86.ActiveCfg = Debug|Any CPU
		{262ED80E-4965-4EA0-8608-64022FBF85C5}.Debug|x86.Build.0 = Debug|Any CPU
		{262ED80E-4965-4EA0-8608-64022FBF85C5}.Release|Any CPU.ActiveCfg = Release|Any CPU
		{262ED80E-4965-4EA0-8608-64022FBF85C5}.Release|Any CPU.Build.0 = Release|Any CPU
		{262ED80E-4965-4EA0-8608-64022FBF85C5}.Release|Mixed Platforms.ActiveCfg = Release|Any CPU
		{262ED80E-4965-4EA0-8608-64022FBF85C5}.Release|Mixed Platforms.Build.0 = Release|Any CPU
		{262ED80E-4965-4EA0-8608-64022FBF85C5}.Release|x86.ActiveCfg = Release|Any CPU
		{262ED80E-4965-4EA0-8608-64022FBF85C5}.Release|x86.Build.0 = Release|Any CPU
	EndGlobalSection
	GlobalSection(SolutionProperties) = preSolution
		HideSolutionNode = FALSE
	EndGlobalSection
	GlobalSection(ExtensibilityGlobals) = postSolution
		SolutionGuid = {EBB04CE1-A8C8-417E-95FF-EF622AD8EAFE}
	EndGlobalSection
EndGlobal
